<?xml version="1.0" encoding="utf-8"?>
<Project ToolsVersion="4.0" xmlns="http://schemas.microsoft.com/developer/msbuild/2003">
  <ItemGroup>
    <Filter Include="Library">
      <UniqueIdentifier>{d5173dcf-2786-4f98-bd55-d03549637dfe}</UniqueIdentifier>
    </Filter>
    <Filter Include="Src">
      <UniqueIdentifier>{80d0a5a9-6779-4863-bede-cc22a4986dc5}</UniqueIdentifier>
    </Filter>
    <Filter Include="Src\Framework">
      <UniqueIdentifier>{f5928314-3ee2-4e39-abfa-d93aa9ee5891}</UniqueIdentifier>
    </Filter>
    <Filter Include="Src\Framework\Direct3D">
      <UniqueIdentifier>{f193abd5-e51c-466e-a937-722bc9175e9a}</UniqueIdentifier>
    </Filter>
    <Filter Include="Src\Framework\Utility">
      <UniqueIdentifier>{f5d733b1-5031-4659-a9d4-0dd3add1e5fb}</UniqueIdentifier>
    </Filter>
    <Filter Include="Src\Framework\Window">
      <UniqueIdentifier>{cb022f2a-c5a2-449b-9b70-5110aff8550f}</UniqueIdentifier>
    </Filter>
    <Filter Include="Library\tinygltf">
      <UniqueIdentifier>{307bfbcd-124f-4ad7-85f5-3fd94f814b1f}</UniqueIdentifier>
    </Filter>
    <Filter Include="Src\Framework\Shader">
      <UniqueIdentifier>{93543c0c-58fe-4a94-8279-7be3021b65b1}</UniqueIdentifier>
    </Filter>
    <Filter Include="Src\Framework\Shader\SpriteShader">
      <UniqueIdentifier>{2da4d471-f4e8-4b2d-bdef-b93f91523b8b}</UniqueIdentifier>
    </Filter>
    <Filter Include="Src\Application">
      <UniqueIdentifier>{d0d0f9cf-dabd-4346-bc9a-d9c04cf42372}</UniqueIdentifier>
    </Filter>
    <Filter Include="Src\Framework\Math">
      <UniqueIdentifier>{04f33e76-24f0-4a58-9355-5770b3f6f9c6}</UniqueIdentifier>
    </Filter>
    <Filter Include="Src\Framework\Audio">
      <UniqueIdentifier>{2a0de30f-d7e8-4517-a9a1-20de6e434592}</UniqueIdentifier>
    </Filter>
    <Filter Include="Src\Framework\Shader\PostProcessShader">
      <UniqueIdentifier>{bfef98c3-f0b2-41b1-b813-6f298072287b}</UniqueIdentifier>
    </Filter>
    <Filter Include="Src\Framework\GameObject">
      <UniqueIdentifier>{d45ba257-913b-44e3-a012-888d7b6f2b68}</UniqueIdentifier>
    </Filter>
    <Filter Include="Src\Framework\Input">
      <UniqueIdentifier>{9bd33b87-53db-4bc0-b98d-80db98f4ba9b}</UniqueIdentifier>
    </Filter>
    <Filter Include="Src\Framework\Direct3D\Polygon">
      <UniqueIdentifier>{b91bce2d-4487-485a-a855-b2bb6ce0d30b}</UniqueIdentifier>
    </Filter>
    <Filter Include="Src\Framework\Shader\StandardShader">
      <UniqueIdentifier>{857913be-4481-4606-9719-87518d4a6aeb}</UniqueIdentifier>
    </Filter>
    <Filter Include="Src\Framework\Effekseer">
      <UniqueIdentifier>{c81b93e4-2f33-496a-985e-98658f1cec51}</UniqueIdentifier>
    </Filter>
    <Filter Include="Library\imgui">
      <UniqueIdentifier>{9e2b992a-9c34-450b-a4cf-c4749feebcc6}</UniqueIdentifier>
    </Filter>
    <Filter Include="Src\Framework\Utility\Debug">
      <UniqueIdentifier>{8998a2f9-9d4a-46aa-95ef-1d0c2545ca0d}</UniqueIdentifier>
    </Filter>
    <Filter Include="Src\Application\GameObject">
      <UniqueIdentifier>{9858b20c-c4cb-4133-9eda-b28c74235aa7}</UniqueIdentifier>
    </Filter>
    <Filter Include="Src\System">
      <UniqueIdentifier>{27de56cf-0c3a-475a-926f-63004a6b7cb4}</UniqueIdentifier>
    </Filter>
    <Filter Include="Src\System\Input">
      <UniqueIdentifier>{32bb2d21-caa0-451d-b657-a210e9d55bdc}</UniqueIdentifier>
    </Filter>
    <Filter Include="Src\Application\Utility">
      <UniqueIdentifier>{23ce048b-b1bc-4bc3-a2ca-cddf4f3ff7c8}</UniqueIdentifier>
    </Filter>
    <Filter Include="Src\Application\Component">
      <UniqueIdentifier>{a06231a7-b934-4862-bb5a-9c487062e237}</UniqueIdentifier>
    </Filter>
    <Filter Include="Src\System\Calculation">
      <UniqueIdentifier>{fd91d208-c5d3-4d37-9951-bbbd7e3cea12}</UniqueIdentifier>
    </Filter>
    <Filter Include="Src\Application\Utility\Common">
      <UniqueIdentifier>{2ddeaffc-753b-4def-ba6c-332880ef5ae3}</UniqueIdentifier>
    </Filter>
    <Filter Include="Src\Application\Factory">
      <UniqueIdentifier>{00ab0bcf-50f9-4e09-9d5c-e1f6aeb820fd}</UniqueIdentifier>
    </Filter>
    <Filter Include="Src\Application\Utility\String">
      <UniqueIdentifier>{4df77844-9df3-4680-a7df-2aba78a09f0a}</UniqueIdentifier>
    </Filter>
    <Filter Include="Src\Application\Utility\BitShift">
      <UniqueIdentifier>{00d05c4e-ef14-4843-afa1-e3be8e532651}</UniqueIdentifier>
    </Filter>
    <Filter Include="Src\Application\Utility\Json">
      <UniqueIdentifier>{909d64c1-f01d-4a5e-bdd4-b50a5b73a46a}</UniqueIdentifier>
    </Filter>
    <Filter Include="Src\Application\Utility\ImGui">
      <UniqueIdentifier>{00f109a7-5347-4149-bcda-3e83620e996f}</UniqueIdentifier>
    </Filter>
    <Filter Include="Src\System\ImGui">
      <UniqueIdentifier>{f9ea7034-9952-4ce9-be36-2e34ab22def7}</UniqueIdentifier>
    </Filter>
    <Filter Include="Src\Application\Utility\Singleton">
      <UniqueIdentifier>{2d82b67c-2d92-473f-9001-5ba273359e4e}</UniqueIdentifier>
    </Filter>
    <Filter Include="Src\System\FileSystem">
      <UniqueIdentifier>{23f28a4a-afaa-4725-a420-6cd94f8f64e2}</UniqueIdentifier>
    </Filter>
    <Filter Include="Src\Application\FileSaveAndLoad">
      <UniqueIdentifier>{c41eb9d9-6b90-42dd-9233-d8da682ce3e3}</UniqueIdentifier>
    </Filter>
    <Filter Include="Src\Application\FileSaveAndLoad\Prefab">
      <UniqueIdentifier>{a38ff568-10aa-4ec6-9fd1-86b1bf2a01e3}</UniqueIdentifier>
    </Filter>
    <Filter Include="Src\Application\FileSaveAndLoad\GameObject">
      <UniqueIdentifier>{bbb9cc42-df16-4655-b247-a6af38d01d53}</UniqueIdentifier>
    </Filter>
    <Filter Include="Src\System\ImGui\Window">
      <UniqueIdentifier>{ee3398ca-159f-4ef9-9d82-f1fa4f530a0c}</UniqueIdentifier>
    </Filter>
    <Filter Include="Src\System\ImGui\Window\Hierarchy">
      <UniqueIdentifier>{aa7edb6a-46bb-4d2f-ae3a-7491922e6a3d}</UniqueIdentifier>
    </Filter>
    <Filter Include="Src\System\ImGui\Window\MenuBar">
      <UniqueIdentifier>{cc198d44-8794-4210-aec2-0cef0e26e95d}</UniqueIdentifier>
    </Filter>
    <Filter Include="Src\System\ImGui\Window\Inspector">
      <UniqueIdentifier>{be61edc8-f4ca-4cbe-80c1-9737eb1217f2}</UniqueIdentifier>
    </Filter>
    <Filter Include="Src\System\ImGui\Config">
      <UniqueIdentifier>{115c7b4c-e8d9-4360-bfcb-f11c0057cd6c}</UniqueIdentifier>
    </Filter>
    <Filter Include="Src\System\ImGui\Window\Inspector\SpawnData">
      <UniqueIdentifier>{fd6c45a7-cf89-415a-9ae3-7ac4a268e221}</UniqueIdentifier>
    </Filter>
    <Filter Include="Src\System\ImGui\Window\Inspector\Config">
      <UniqueIdentifier>{2a9324e1-021d-4240-8a55-59f77732569d}</UniqueIdentifier>
    </Filter>
    <Filter Include="Src\System\ImGui\Window\Inspector\PrefabData">
      <UniqueIdentifier>{349d9486-5dbc-4864-bc4b-08a836017039}</UniqueIdentifier>
    </Filter>
    <Filter Include="Src\System\ImGui\Config\PrefabRegistrationDataList">
      <UniqueIdentifier>{5ccd740f-d7e0-4c1d-a923-6f34f86d9085}</UniqueIdentifier>
    </Filter>
    <Filter Include="Src\System\ImGui\Window\Inspector\Config\PrefabRegistrationDataList">
      <UniqueIdentifier>{f87b7e22-a979-4b5e-b1c3-c807552d9453}</UniqueIdentifier>
    </Filter>
    <Filter Include="Src\System\ImGui\Config\SceneView">
      <UniqueIdentifier>{e40c5ba4-a7ea-4ed3-bf89-fb2d7a4b28ef}</UniqueIdentifier>
    </Filter>
    <Filter Include="Src\System\ImGui\Window\SceneView">
      <UniqueIdentifier>{1d7187b8-1c18-4fe2-9647-f797d29a308d}</UniqueIdentifier>
    </Filter>
    <Filter Include="Src\Application\Utility\Input">
      <UniqueIdentifier>{99469a04-8a2f-4532-b7d4-4243985b05cb}</UniqueIdentifier>
    </Filter>
    <Filter Include="Src\System\ImGui\Window\InputCheck">
      <UniqueIdentifier>{da829670-866e-4dd1-a35d-033a2033046f}</UniqueIdentifier>
    </Filter>
    <Filter Include="Src\Application\PlayerInputConfig">
      <UniqueIdentifier>{be13ba98-2291-48ed-93fd-1ce2acc8891e}</UniqueIdentifier>
    </Filter>
    <Filter Include="Src\Application\Resource">
      <UniqueIdentifier>{ef14282c-0ff5-4eab-92d2-770776819060}</UniqueIdentifier>
    </Filter>
    <Filter Include="Src\Application\Resource\Prefab">
      <UniqueIdentifier>{422fbb34-41e7-42dc-8028-80169f0d697a}</UniqueIdentifier>
    </Filter>
    <Filter Include="Src\Application\Scene">
      <UniqueIdentifier>{4d2ab234-f9f8-4d65-8770-a559283a7cb6}</UniqueIdentifier>
    </Filter>
    <Filter Include="Src\Application\Scene\BaseScene">
      <UniqueIdentifier>{00ac5e5d-1015-406e-a8db-649e83a3f93d}</UniqueIdentifier>
    </Filter>
    <Filter Include="Src\Application\Scene\GameScene">
      <UniqueIdentifier>{ec8d74aa-71c1-43a1-80fb-e5fb0be65922}</UniqueIdentifier>
    </Filter>
    <Filter Include="Src\Application\Scene\TitleScene">
      <UniqueIdentifier>{79ee70a1-187a-4dd1-8140-bdd9d69d2a00}</UniqueIdentifier>
    </Filter>
    <Filter Include="Src\Application\Factory\Component">
      <UniqueIdentifier>{6cdb9e1d-898c-425b-ab20-caf44114c0df}</UniqueIdentifier>
    </Filter>
    <Filter Include="Src\Application\Strategy">
      <UniqueIdentifier>{f34b5d46-2db5-442f-9877-b6596321ab7b}</UniqueIdentifier>
    </Filter>
    <Filter Include="Src\Application\Factory\Strategy">
      <UniqueIdentifier>{0a533c1a-082e-4b7e-b572-38ff988226ab}</UniqueIdentifier>
    </Filter>
    <Filter Include="Src\System\ImGui\Window\TerrainCreate">
      <UniqueIdentifier>{b0d23cbd-c78d-42a9-84e0-5dfba1ba2382}</UniqueIdentifier>
    </Filter>
    <Filter Include="Src\Application\Utility\Component">
      <UniqueIdentifier>{a8989fa1-1953-40f8-85b1-85f415e34f88}</UniqueIdentifier>
    </Filter>
    <Filter Include="Src\Application\Utility\Strategy">
      <UniqueIdentifier>{f5f31054-9de7-4c17-8f90-5a701fc4ebd0}</UniqueIdentifier>
    </Filter>
    <Filter Include="Src\Application\Utility\Include">
      <UniqueIdentifier>{1d8489f1-350f-4b3b-88cf-9b0a87c2e470}</UniqueIdentifier>
    </Filter>
    <Filter Include="Src\Application\Component\Transform">
      <UniqueIdentifier>{d9730034-ce14-4290-89c6-1b96eaca4d89}</UniqueIdentifier>
    </Filter>
    <Filter Include="Src\Application\Component\Transform\Strategy">
      <UniqueIdentifier>{3fbbb35e-2d53-48e1-91d6-ef122708004c}</UniqueIdentifier>
    </Filter>
    <Filter Include="Src\Application\Component\Transform\Strategy\CreateLocalSRT">
      <UniqueIdentifier>{e56de04f-d8e6-4437-9fa1-50296c967e78}</UniqueIdentifier>
    </Filter>
    <Filter Include="Src\Application\Component\Camera">
      <UniqueIdentifier>{71819177-4857-4168-b28c-76ae5e0bdcac}</UniqueIdentifier>
    </Filter>
    <Filter Include="Src\Application\Component\Render">
      <UniqueIdentifier>{95ae1bfd-7f1f-431d-a133-7b487cbfc275}</UniqueIdentifier>
    </Filter>
    <Filter Include="Src\Application\Component\Render\Model">
      <UniqueIdentifier>{6ef9d296-1a8a-470d-95af-e9be98a70f83}</UniqueIdentifier>
    </Filter>
    <Filter Include="Src\Application\Component\Physics">
      <UniqueIdentifier>{a17eb1b5-25ff-4140-8be4-bd9e8a24f6ff}</UniqueIdentifier>
    </Filter>
    <Filter Include="Src\Application\Component\Physics\Collider">
      <UniqueIdentifier>{ad6c20a1-fad9-4108-8b9f-0e229b0c17f1}</UniqueIdentifier>
    </Filter>
    <Filter Include="Src\Application\Component\Move">
      <UniqueIdentifier>{63765fc5-0dca-4855-9e6a-1c046d2a9f56}</UniqueIdentifier>
    </Filter>
    <Filter Include="Src\Application\Component\Move\Input">
      <UniqueIdentifier>{91f86f52-5ced-4e9d-b05d-49ed11ec1a9a}</UniqueIdentifier>
    </Filter>
    <Filter Include="Src\Application\Component\Move\Input\BasedOnTarget">
      <UniqueIdentifier>{3de87676-b583-4752-886f-cdfcdc52dada}</UniqueIdentifier>
    </Filter>
    <Filter Include="Src\Application\Utility\ToValue">
      <UniqueIdentifier>{c89bd5bf-7414-4a6b-b0a2-f8d68831204e}</UniqueIdentifier>
    </Filter>
    <Filter Include="Src\Application\Component\Input">
      <UniqueIdentifier>{b4863fc4-412f-4f25-bcf6-77209f2cf750}</UniqueIdentifier>
    </Filter>
    <Filter Include="Src\Application\Component\Input\Player">
      <UniqueIdentifier>{5f2e4565-a870-45a6-91ce-6b168c3b8fdc}</UniqueIdentifier>
    </Filter>
    <Filter Include="Src\Application\Component\SpringArm">
      <UniqueIdentifier>{01255fcc-c311-4517-bfc9-ccb923f01b18}</UniqueIdentifier>
    </Filter>
    <Filter Include="Src\Application\Component\Rotation">
      <UniqueIdentifier>{59648171-0bab-4f18-96ca-766eaa69060f}</UniqueIdentifier>
    </Filter>
    <Filter Include="Src\Application\Component\Rotation\Input">
      <UniqueIdentifier>{969da3e5-5de8-44b9-b971-d8c075e25548}</UniqueIdentifier>
    </Filter>
    <Filter Include="Src\Application\Component\Transform\Strategy\CreateLocalSTRParentSRT">
      <UniqueIdentifier>{9de48d45-aa64-4ed8-99f7-07f4e6b67aef}</UniqueIdentifier>
    </Filter>
    <Filter Include="Src\Application\Component\Physics\Collision">
      <UniqueIdentifier>{69f0be57-3757-4ce9-b934-694cd3ac7843}</UniqueIdentifier>
    </Filter>
    <Filter Include="Src\Application\Component\Physics\DebugWire">
      <UniqueIdentifier>{05bf27c7-352c-4e47-9b11-c4d9ee61cc22}</UniqueIdentifier>
    </Filter>
    <Filter Include="Src\Application\Observer">
      <UniqueIdentifier>{d5365d6b-b072-4705-b1fe-cce9ae02587e}</UniqueIdentifier>
    </Filter>
    <Filter Include="Src\Application\Observer\Global">
      <UniqueIdentifier>{222028e2-7803-4238-9398-e85be01aa64a}</UniqueIdentifier>
    </Filter>
    <Filter Include="Src\Application\Observer\Global\Event">
      <UniqueIdentifier>{518b9d7b-5235-42ad-aad7-d030230bfabf}</UniqueIdentifier>
    </Filter>
    <Filter Include="Src\Application\Observer\Component">
      <UniqueIdentifier>{5f0b538c-710e-4c2f-9e02-3d9a7a955af3}</UniqueIdentifier>
    </Filter>
    <Filter Include="Src\Application\Component\Physics\Collision\Ray">
      <UniqueIdentifier>{bf01bada-c35d-403e-bbbd-32b229b3571b}</UniqueIdentifier>
    </Filter>
    <Filter Include="Src\Application\Component\Physics\Collision\Sphere">
      <UniqueIdentifier>{fc382b35-349b-4cd8-a7f1-7120dbb07660}</UniqueIdentifier>
    </Filter>
    <Filter Include="Src\Application\Observer\Global\EventChannel">
      <UniqueIdentifier>{13e93d07-8941-49f4-80ea-a6da87d81d48}</UniqueIdentifier>
    </Filter>
    <Filter Include="Src\Application\Component\Physics\Gravity">
      <UniqueIdentifier>{482dcb60-a9bf-4651-96c3-cf4edeba922b}</UniqueIdentifier>
    </Filter>
    <Filter Include="Src\Application\Component\Combat">
      <UniqueIdentifier>{c3539c58-4b75-4528-a560-ccdf9ddb1772}</UniqueIdentifier>
    </Filter>
    <Filter Include="Src\Application\Scene\Changer">
      <UniqueIdentifier>{0b5e127f-e50b-4ea0-ac19-7fc981d49007}</UniqueIdentifier>
    </Filter>
    <Filter Include="Src\Application\Component\BehaviorTree">
      <UniqueIdentifier>{75bb0aab-73d7-4dbb-b09e-cd70f6f86678}</UniqueIdentifier>
    </Filter>
    <Filter Include="Src\Application\Component\BehaviorTree\BlackBoard">
      <UniqueIdentifier>{abd8548f-2e81-4946-ae95-04d5ffc6afab}</UniqueIdentifier>
    </Filter>
    <Filter Include="Src\Application\Component\Rotation\Input\Mouse">
      <UniqueIdentifier>{112f7273-8c27-459a-afdf-aca1b80746f6}</UniqueIdentifier>
    </Filter>
    <Filter Include="Src\System\StaticID">
      <UniqueIdentifier>{585dc3fb-2bd1-478c-8593-e8b41b2a6044}</UniqueIdentifier>
    </Filter>
    <Filter Include="Src\Application\Tag">
      <UniqueIdentifier>{1a6d2fa6-87d0-4c93-aae7-94ac83bb86fe}</UniqueIdentifier>
    </Filter>
    <Filter Include="Src\Application\Component\Rotation\Input\BasedOnTarget">
      <UniqueIdentifier>{e6f1691e-8efa-4eba-bc3a-24ef83d12310}</UniqueIdentifier>
    </Filter>
    <Filter Include="Src\Application\Component\Rotation\Input\BasedOnTarget\Instant">
      <UniqueIdentifier>{d9ef9374-62ac-4e5a-9024-3ef04df9686e}</UniqueIdentifier>
    </Filter>
    <Filter Include="Src\Application\Component\Rotation\Input\BasedOnTarget\Smooth">
      <UniqueIdentifier>{49521566-8def-4b34-8409-ba6c9c48321a}</UniqueIdentifier>
    </Filter>
    <Filter Include="Src\Application\Component\Render\Animation">
      <UniqueIdentifier>{5f86b68c-6d5c-4ec7-9542-be5492e61822}</UniqueIdentifier>
    </Filter>
    <Filter Include="Src\Application\Component\Render\Static">
      <UniqueIdentifier>{3efd4dc0-84c8-4c32-aad1-5157f92e89c6}</UniqueIdentifier>
    </Filter>
    <Filter Include="Src\Application\Component\Render\Animation\Model">
      <UniqueIdentifier>{09bb3d40-e4ee-40c4-b808-e01acbbf2716}</UniqueIdentifier>
    </Filter>
    <Filter Include="Src\Application\Component\Render\Static\Model">
      <UniqueIdentifier>{d1bdb744-6a53-4620-9e9c-9c3ff7a84770}</UniqueIdentifier>
    </Filter>
    <Filter Include="Src\Application\Observer\Component\Notify">
      <UniqueIdentifier>{0ab92aa2-420a-4799-bac9-3b5628a68e84}</UniqueIdentifier>
    </Filter>
    <Filter Include="Src\Application\Observer\Component\Notify\Moment">
      <UniqueIdentifier>{c73844cf-8361-4dcb-9d12-6e4b24ef8ed1}</UniqueIdentifier>
    </Filter>
    <Filter Include="Src\Application\Observer\Component\Notify\Keep">
      <UniqueIdentifier>{d7633629-3348-44dd-8054-9101f55e3d4c}</UniqueIdentifier>
    </Filter>
    <Filter Include="Src\Application\Factory\Notify">
      <UniqueIdentifier>{1e0d54ac-567e-4bdd-a5d3-8cc5ead3f9ad}</UniqueIdentifier>
    </Filter>
    <Filter Include="Src\Application\Factory\Notify\Component">
      <UniqueIdentifier>{4673ed82-ccb1-46ff-a919-abcec555fec4}</UniqueIdentifier>
    </Filter>
    <Filter Include="Src\Application\Modifier">
      <UniqueIdentifier>{7389ba7a-6a55-445d-97fe-2e350fb0b635}</UniqueIdentifier>
    </Filter>
    <Filter Include="Src\Application\Modifier\Interpolator">
      <UniqueIdentifier>{b682b8cb-821c-47f1-a4c7-120419c60ecc}</UniqueIdentifier>
    </Filter>
    <Filter Include="Src\Application\Modifier\Interpolator\Hermite">
      <UniqueIdentifier>{3db82c43-37a8-4b9e-a06e-dc20da0c0142}</UniqueIdentifier>
    </Filter>
    <Filter Include="Src\Application\Factory\Modifier">
      <UniqueIdentifier>{7f820aa8-e1dc-413e-84dd-79336d07925e}</UniqueIdentifier>
    </Filter>
    <Filter Include="Src\Application\Factory\Modifier\Interpolator">
      <UniqueIdentifier>{7686f686-8054-49a9-9c6e-4f6aa51d5915}</UniqueIdentifier>
    </Filter>
    <Filter Include="Src\Application\Component\Render\Static\Sprite">
      <UniqueIdentifier>{49c760f4-54f1-497e-b267-f61ff2016773}</UniqueIdentifier>
    </Filter>
    <Filter Include="Src\Application\Component\Move\Input\Action">
      <UniqueIdentifier>{d875d81b-3158-491e-8b2e-ab6d61acbc00}</UniqueIdentifier>
    </Filter>
    <Filter Include="Src\System\ImGui\Window\BehaviorTree">
      <UniqueIdentifier>{d49130a3-11bd-44b3-bac6-2e9783a55c07}</UniqueIdentifier>
    </Filter>
    <Filter Include="Src\Application\GUID">
      <UniqueIdentifier>{77f08977-6066-4517-ac48-8456cefb781c}</UniqueIdentifier>
    </Filter>
    <Filter Include="Src\Application\GUID\GameObject">
      <UniqueIdentifier>{81f3654c-4d6f-443b-9297-654a5b50771b}</UniqueIdentifier>
    </Filter>
    <Filter Include="Src\Application\GUID\BehaviorTree">
      <UniqueIdentifier>{1dbeefd5-e46d-4a85-a3e6-ae00abb09753}</UniqueIdentifier>
    </Filter>
    <Filter Include="Src\Application\Utility\BehaviorTree">
      <UniqueIdentifier>{3709c613-67eb-4c6f-a474-e1b9f8b69c90}</UniqueIdentifier>
    </Filter>
    <Filter Include="Src\Application\Component\BehaviorTree\Node">
      <UniqueIdentifier>{65e7c6a0-901b-4b5b-8049-35c2e22189dc}</UniqueIdentifier>
    </Filter>
    <Filter Include="Src\Application\Component\BehaviorTree\Node\Composite">
      <UniqueIdentifier>{d98956f7-c241-466f-bc39-39d76222905e}</UniqueIdentifier>
    </Filter>
    <Filter Include="Src\Application\Component\BehaviorTree\Node\Decorator">
      <UniqueIdentifier>{b157c6ba-028e-4f29-8d20-aafb37b0479e}</UniqueIdentifier>
    </Filter>
    <Filter Include="Src\Application\Component\BehaviorTree\Node\Composite\Selector">
      <UniqueIdentifier>{2319dde4-3cc6-4d26-aa99-d67b82a3100f}</UniqueIdentifier>
    </Filter>
    <Filter Include="Src\Application\Component\BehaviorTree\Node\Composite\Sequence">
      <UniqueIdentifier>{dcd9dd2c-eed3-4965-8fc4-595dc809c963}</UniqueIdentifier>
    </Filter>
    <Filter Include="Src\Application\Component\BehaviorTree\Node\Root">
      <UniqueIdentifier>{c7100f47-5396-4a6c-9316-5f290b964e5d}</UniqueIdentifier>
    </Filter>
    <Filter Include="Src\System\ImGui\Window\GUID">
      <UniqueIdentifier>{c74e25d1-147d-472a-8a55-0135cc098832}</UniqueIdentifier>
    </Filter>
    <Filter Include="Src\Application\Component\BehaviorTree\Node\Task">
      <UniqueIdentifier>{c5e9ffbd-78c5-40de-a467-ed4cce4d32f6}</UniqueIdentifier>
    </Filter>
    <Filter Include="Src\Application\Tag\ComponentEvent">
      <UniqueIdentifier>{700597f4-e104-4a08-8ba1-0436ea5c6ca1}</UniqueIdentifier>
    </Filter>
    <Filter Include="Src\Application\Component\BehaviorTree\Node\Task\AlwaysPass">
      <UniqueIdentifier>{09ce32db-fb29-4597-8a50-8ead22786f38}</UniqueIdentifier>
    </Filter>
    <Filter Include="Src\Application\CommonCore">
      <UniqueIdentifier>{46ee4321-4558-4861-9ae6-fab152204791}</UniqueIdentifier>
    </Filter>
    <Filter Include="Src\Application\CommonCore\AssetFilePath">
      <UniqueIdentifier>{bbde040c-baba-4736-ac03-352f93e6db14}</UniqueIdentifier>
    </Filter>
    <Filter Include="Src\Application\CommonCore\GUIDBinder">
      <UniqueIdentifier>{70397330-f8f1-45ba-bd7d-756fd7fca8ea}</UniqueIdentifier>
    </Filter>
    <Filter Include="Src\Application\CommonCore\Move">
      <UniqueIdentifier>{82aa2a0d-c934-4789-b03a-f9be37ec9efb}</UniqueIdentifier>
    </Filter>
    <Filter Include="Src\Application\CommonCore\Move\Input">
      <UniqueIdentifier>{de9f4642-d6eb-4006-99cb-120e4a092fc9}</UniqueIdentifier>
    </Filter>
    <Filter Include="Src\Application\CommonCore\Physics">
      <UniqueIdentifier>{dfe13d14-2819-4f2e-bba6-990b47863e56}</UniqueIdentifier>
    </Filter>
    <Filter Include="Src\Application\CommonCore\Physics\Collision">
      <UniqueIdentifier>{b24bca84-cc24-4fcc-8e55-33421cffe840}</UniqueIdentifier>
    </Filter>
    <Filter Include="Src\Application\CommonCore\Render">
      <UniqueIdentifier>{64434771-05a5-4e77-9e6b-dfd792f09390}</UniqueIdentifier>
    </Filter>
    <Filter Include="Src\Application\CommonCore\Render\Model">
      <UniqueIdentifier>{d168ec5f-afbb-40b5-9ac3-6b9b3e439099}</UniqueIdentifier>
    </Filter>
    <Filter Include="Src\Application\CommonCore\Rotation">
      <UniqueIdentifier>{fb55550a-e295-447b-ab25-b7e7268cc788}</UniqueIdentifier>
    </Filter>
    <Filter Include="Src\Application\CommonCore\Rotation\Input">
      <UniqueIdentifier>{002f04e0-a214-4583-99f4-3444e5065542}</UniqueIdentifier>
    </Filter>
    <Filter Include="Src\Application\CommonCore\Rotation\Input\Smooth">
      <UniqueIdentifier>{537a0e7c-0afb-43e5-af60-bd5bd0cae1ac}</UniqueIdentifier>
    </Filter>
    <Filter Include="Src\Application\Component\BehaviorTree\BlackBoard\Data">
      <UniqueIdentifier>{66e754cf-db39-4773-806e-d415690dead2}</UniqueIdentifier>
    </Filter>
    <Filter Include="Src\Application\Factory\BehaviorTree">
      <UniqueIdentifier>{a18c755c-9e26-4a0d-91d6-fc4eaa1fb529}</UniqueIdentifier>
    </Filter>
    <Filter Include="Src\Application\Factory\BehaviorTree\Node">
      <UniqueIdentifier>{13e2256e-5720-4be6-9d03-7638beab8802}</UniqueIdentifier>
    </Filter>
    <Filter Include="Src\Application\Factory\BehaviorTree\BlackBoardData">
      <UniqueIdentifier>{ab1bc1a0-e8df-484a-93bc-c9cc4f33393b}</UniqueIdentifier>
    </Filter>
    <Filter Include="Src\Application\Component\BehaviorTree\Node\Task\AlwaysPass\CalcVectorToTarget">
      <UniqueIdentifier>{72053e44-d61d-4d90-bdbf-a8f94de7be0f}</UniqueIdentifier>
    </Filter>
    <Filter Include="Src\Application\Component\BehaviorTree\BlackBoard\Data\CalcVectorToTarget">
      <UniqueIdentifier>{9b3f49ea-bc5a-4a54-8967-133e6aade661}</UniqueIdentifier>
    </Filter>
    <Filter Include="Src\Application\Component\BehaviorTree\BlackBoard\Data\TargetTransformComponentCache">
      <UniqueIdentifier>{f0f6d059-24de-44cf-b915-aee18ec1b8f3}</UniqueIdentifier>
    </Filter>
    <Filter Include="Src\Application\Component\BehaviorTree\BlackBoard\Data\CalcDistanceToTarget">
      <UniqueIdentifier>{27c26701-f83d-4eb3-a436-be4c279de34c}</UniqueIdentifier>
    </Filter>
    <Filter Include="Src\Application\Component\BehaviorTree\Node\Task\AlwaysPass\Move">
      <UniqueIdentifier>{1b14aeca-52e1-4b4f-8ea9-14190c0ffbcc}</UniqueIdentifier>
    </Filter>
    <Filter Include="Src\Application\Component\BehaviorTree\Node\Decorator\Wait">
      <UniqueIdentifier>{88974914-7a48-4fd1-8a80-3e61459bb213}</UniqueIdentifier>
    </Filter>
    <Filter Include="Src\Application\Component\BehaviorTree\Node\Decorator\Inverter">
      <UniqueIdentifier>{01664ff3-2da9-44b1-8593-c4452b570f43}</UniqueIdentifier>
    </Filter>
    <Filter Include="Src\Application\Component\BehaviorTree\Node\Branch">
      <UniqueIdentifier>{7c6a6e88-937a-4656-ab04-7bd051092c16}</UniqueIdentifier>
    </Filter>
    <Filter Include="Src\Application\Component\BehaviorTree\Node\Branch\WithinDistance">
      <UniqueIdentifier>{55015586-894d-4ba5-9078-2ef70b9221fc}</UniqueIdentifier>
    </Filter>
    <Filter Include="Src\Application\Component\BehaviorTree\Node\Task\AlwaysPass\Move\Run">
      <UniqueIdentifier>{37f7e442-16cd-4438-bec8-9f13c481f9ff}</UniqueIdentifier>
    </Filter>
    <Filter Include="Src\Application\Component\BehaviorTree\Node\Task\AlwaysPass\Move\Run\LockOn">
      <UniqueIdentifier>{cd646e6f-2409-4667-87cc-ff2130a63561}</UniqueIdentifier>
    </Filter>
    <Filter Include="Src\Application\Component\BehaviorTree\Node\Task\Move">
      <UniqueIdentifier>{b7125c7d-60a8-44b0-93bf-a41381f3fb12}</UniqueIdentifier>
    </Filter>
    <Filter Include="Src\Application\Component\BehaviorTree\Node\Task\Move\Random">
      <UniqueIdentifier>{ccf74904-1b07-441d-9d86-8d72e1f7fb8a}</UniqueIdentifier>
    </Filter>
    <Filter Include="Src\Application\Component\BehaviorTree\Node\Task\Move\Random\LockOn">
      <UniqueIdentifier>{283a8f3a-b591-46be-a1f8-185d15774e6e}</UniqueIdentifier>
    </Filter>
    <Filter Include="Src\Application\Component\BehaviorTree\BlackBoard\Data\FinishedRandomMove">
      <UniqueIdentifier>{c3dbee23-2d79-4f1c-b1ae-dee6f3ebcd2b}</UniqueIdentifier>
    </Filter>
    <Filter Include="Src\System\Calculation\Random">
      <UniqueIdentifier>{48e825ac-61d5-4a33-b9bd-9aee1e4282b8}</UniqueIdentifier>
    </Filter>
    <Filter Include="Src\Application\CommonCore\Interpolator">
      <UniqueIdentifier>{ef586256-5fd4-4598-9c18-5faa2b4029be}</UniqueIdentifier>
    </Filter>
    <Filter Include="Src\Application\Component\Render\Animation\Model\Clip">
      <UniqueIdentifier>{21638798-9d7a-4953-80bc-c58aa5a2f1d5}</UniqueIdentifier>
    </Filter>
    <Filter Include="Src\Application\Component\Render\ShaderParam">
      <UniqueIdentifier>{6597cd85-f2bc-4c79-b832-a5b382c07228}</UniqueIdentifier>
    </Filter>
    <Filter Include="Src\Application\Component\Render\ShaderParam\AlphaDither">
      <UniqueIdentifier>{56510b79-33fa-47fb-8f3c-350314cb9f74}</UniqueIdentifier>
    </Filter>
    <Filter Include="Src\Application\Factory\RenderShaderParam">
      <UniqueIdentifier>{b6f9ec05-6e0c-4f03-b2b3-c6577f49d402}</UniqueIdentifier>
    </Filter>
  </ItemGroup>
  <ItemGroup>
    <ClInclude Include="src\Pch.h">
      <Filter>Src</Filter>
    </ClInclude>
    <ClInclude Include="..\Library\tinygltf\json.hpp">
      <Filter>Library\tinygltf</Filter>
    </ClInclude>
    <ClInclude Include="..\Library\tinygltf\stb_image.h">
      <Filter>Library\tinygltf</Filter>
    </ClInclude>
    <ClInclude Include="..\Library\tinygltf\stb_image_write.h">
      <Filter>Library\tinygltf</Filter>
    </ClInclude>
    <ClInclude Include="..\Library\tinygltf\tiny_gltf.h">
      <Filter>Library\tinygltf</Filter>
    </ClInclude>
    <ClInclude Include="Src\Application\main.h">
      <Filter>Src\Application</Filter>
    </ClInclude>
    <ClInclude Include="src\Framework\Direct3D\KdDirect3D.h">
      <Filter>Src\Framework\Direct3D</Filter>
    </ClInclude>
    <ClInclude Include="src\Framework\Direct3D\KdTexture.h">
      <Filter>Src\Framework\Direct3D</Filter>
    </ClInclude>
    <ClInclude Include="src\Framework\Direct3D\KdBuffer.h">
      <Filter>Src\Framework\Direct3D</Filter>
    </ClInclude>
    <ClInclude Include="Src\Framework\Direct3D\KdGLTFLoader.h">
      <Filter>Src\Framework\Direct3D</Filter>
    </ClInclude>
    <ClInclude Include="Src\Framework\Shader\KdShaderManager.h">
      <Filter>Src\Framework\Shader</Filter>
    </ClInclude>
    <ClInclude Include="Src\Framework\Shader\SpriteShader\KdSpriteShader.h">
      <Filter>Src\Framework\Shader\SpriteShader</Filter>
    </ClInclude>
    <ClInclude Include="src\Framework\Utility\KdUtility.h">
      <Filter>Src\Framework\Utility</Filter>
    </ClInclude>
    <ClInclude Include="src\Framework\KdFramework.h">
      <Filter>Src\Framework</Filter>
    </ClInclude>
    <ClInclude Include="..\Library\strconv.h">
      <Filter>Library</Filter>
    </ClInclude>
    <ClInclude Include="src\Framework\Window\KdWindow.h">
      <Filter>Src\Framework\Window</Filter>
    </ClInclude>
    <ClInclude Include="src\Framework\Direct3D\KdMesh.h">
      <Filter>Src\Framework\Direct3D</Filter>
    </ClInclude>
    <ClInclude Include="Src\Framework\Direct3D\KdModel.h">
      <Filter>Src\Framework\Direct3D</Filter>
    </ClInclude>
    <ClInclude Include="Src\Framework\Math\KdCollision.h">
      <Filter>Src\Framework\Math</Filter>
    </ClInclude>
    <ClInclude Include="Src\Framework\Math\KdAnimation.h">
      <Filter>Src\Framework\Math</Filter>
    </ClInclude>
    <ClInclude Include="Src\Framework\Audio\KdAudio.h">
      <Filter>Src\Framework\Audio</Filter>
    </ClInclude>
    <ClInclude Include="Src\Framework\Direct3D\KdCamera.h">
      <Filter>Src\Framework\Direct3D</Filter>
    </ClInclude>
    <ClInclude Include="Src\Framework\Shader\PostProcessShader\KdPostProcessShader.h">
      <Filter>Src\Framework\Shader\PostProcessShader</Filter>
    </ClInclude>
    <ClInclude Include="Src\Framework\Math\KdCollider.h">
      <Filter>Src\Framework\Math</Filter>
    </ClInclude>
    <ClInclude Include="Src\Framework\Math\KdEasing.h">
      <Filter>Src\Framework\Math</Filter>
    </ClInclude>
    <ClInclude Include="Src\Framework\GameObject\KdGameObject.h">
      <Filter>Src\Framework\GameObject</Filter>
    </ClInclude>
    <ClInclude Include="Src\Framework\GameObject\KdGameObjectFactory.h">
      <Filter>Src\Framework\GameObject</Filter>
    </ClInclude>
    <ClInclude Include="Src\Framework\Input\KdInput.h">
      <Filter>Src\Framework\Input</Filter>
    </ClInclude>
    <ClInclude Include="Src\Framework\Utility\KdCSVData.h">
      <Filter>Src\Framework\Utility</Filter>
    </ClInclude>
    <ClInclude Include="Src\Framework\Direct3D\Polygon\KdPolygon.h">
      <Filter>Src\Framework\Direct3D\Polygon</Filter>
    </ClInclude>
    <ClInclude Include="Src\Framework\Direct3D\Polygon\KdSquarePolygon.h">
      <Filter>Src\Framework\Direct3D\Polygon</Filter>
    </ClInclude>
    <ClInclude Include="Src\Framework\Direct3D\Polygon\KdTrailPolygon.h">
      <Filter>Src\Framework\Direct3D\Polygon</Filter>
    </ClInclude>
    <ClInclude Include="Src\Framework\Direct3D\KdMaterial.h">
      <Filter>Src\Framework\Direct3D</Filter>
    </ClInclude>
    <ClInclude Include="Src\Framework\Utility\KdDataStorage.h">
      <Filter>Src\Framework\Utility</Filter>
    </ClInclude>
    <ClInclude Include="Src\Framework\Shader\KdAmbientController.h">
      <Filter>Src\Framework\Shader</Filter>
    </ClInclude>
    <ClInclude Include="Src\Framework\Math\KdUVAnimation.h">
      <Filter>Src\Framework\Math</Filter>
    </ClInclude>
    <ClInclude Include="Src\Framework\Shader\KdRenderTargetChange.h">
      <Filter>Src\Framework\Shader</Filter>
    </ClInclude>
    <ClInclude Include="Src\Framework\Utility\KdFPSController.h">
      <Filter>Src\Framework\Utility</Filter>
    </ClInclude>
    <ClInclude Include="Src\Framework\Shader\StandardShader\KdStandardShader.h">
      <Filter>Src\Framework\Shader\StandardShader</Filter>
    </ClInclude>
    <ClInclude Include="Src\Framework\Effekseer\KdEffekseerManager.h">
      <Filter>Src\Framework\Effekseer</Filter>
    </ClInclude>
    <ClInclude Include="Src\Framework\Utility\KdRandom.h">
      <Filter>Src\Framework\Utility</Filter>
    </ClInclude>
    <ClInclude Include="..\Library\imgui\imconfig.h">
      <Filter>Library\imgui</Filter>
    </ClInclude>
    <ClInclude Include="..\Library\imgui\imgui.h">
      <Filter>Library\imgui</Filter>
    </ClInclude>
    <ClInclude Include="..\Library\imgui\imgui_impl_dx11.h">
      <Filter>Library\imgui</Filter>
    </ClInclude>
    <ClInclude Include="..\Library\imgui\imgui_impl_win32.h">
      <Filter>Library\imgui</Filter>
    </ClInclude>
    <ClInclude Include="..\Library\imgui\imgui_internal.h">
      <Filter>Library\imgui</Filter>
    </ClInclude>
    <ClInclude Include="..\Library\imgui\imgui_stdlib.h">
      <Filter>Library\imgui</Filter>
    </ClInclude>
    <ClInclude Include="..\Library\imgui\imstb_rectpack.h">
      <Filter>Library\imgui</Filter>
    </ClInclude>
    <ClInclude Include="..\Library\imgui\imstb_textedit.h">
      <Filter>Library\imgui</Filter>
    </ClInclude>
    <ClInclude Include="..\Library\imgui\imstb_truetype.h">
      <Filter>Library\imgui</Filter>
    </ClInclude>
    <ClInclude Include="..\Library\imgui\ja_glyph_ranges.h">
      <Filter>Library\imgui</Filter>
    </ClInclude>
    <ClInclude Include="Src\Framework\Utility\Debug\KdDebugWireFrame.h">
      <Filter>Src\Framework\Utility\Debug</Filter>
    </ClInclude>
    <ClInclude Include="Src\Application\Scene\SceneManager.h">
      <Filter>Src\Application\Scene</Filter>
    </ClInclude>
    <ClInclude Include="Src\Application\Scene\TitleScene\TitleScene.h">
      <Filter>Src\Application\Scene\TitleScene</Filter>
    </ClInclude>
    <ClInclude Include="Src\Application\Scene\GameScene\GameScene.h">
      <Filter>Src\Application\Scene\GameScene</Filter>
    </ClInclude>
    <ClInclude Include="Src\Application\Scene\BaseScene\BaseScene.h">
      <Filter>Src\Application\Scene\BaseScene</Filter>
    </ClInclude>
    <ClInclude Include="Src\Framework\Utility\KdDebugGUI.h">
      <Filter>Src\Framework\Utility</Filter>
    </ClInclude>
    <ClInclude Include="Src\System\Input\RawInputManager.h">
      <Filter>Src\System\Input</Filter>
    </ClInclude>
    <ClInclude Include="Src\Application\GameObject\GameObject.h">
      <Filter>Src\Application\GameObject</Filter>
    </ClInclude>
    <ClInclude Include="Src\System\Calculation\Calculation.h">
      <Filter>Src\System\Calculation</Filter>
    </ClInclude>
    <ClInclude Include="Src\Application\Utility\Common\CommonConstant.h">
      <Filter>Src\Application\Utility\Common</Filter>
    </ClInclude>
    <ClInclude Include="Src\Application\Utility\String\StringUtility.h">
      <Filter>Src\Application\Utility\String</Filter>
    </ClInclude>
    <ClInclude Include="Src\Application\Utility\Common\CommonStruct.h">
      <Filter>Src\Application\Utility\Common</Filter>
    </ClInclude>
    <ClInclude Include="Src\Application\Utility\BitShift\BitShiftUtility.h">
      <Filter>Src\Application\Utility\BitShift</Filter>
    </ClInclude>
    <ClInclude Include="Src\Application\Utility\Json\JsonUtility.h">
      <Filter>Src\Application\Utility\Json</Filter>
    </ClInclude>
    <ClInclude Include="Src\Application\Utility\ImGui\ImGuiUtility.h">
      <Filter>Src\Application\Utility\ImGui</Filter>
    </ClInclude>
    <ClInclude Include="Src\System\ImGui\ImGuiManager.h">
      <Filter>Src\System\ImGui</Filter>
    </ClInclude>
    <ClInclude Include="Src\Application\Utility\Singleton\SingletonBase.h">
      <Filter>Src\Application\Utility\Singleton</Filter>
    </ClInclude>
    <ClInclude Include="Src\System\FileSystem\FileSystem.h">
      <Filter>Src\System\FileSystem</Filter>
    </ClInclude>
    <ClInclude Include="Src\Application\Utility\Common\CommonEnum.h">
      <Filter>Src\Application\Utility\Common</Filter>
    </ClInclude>
    <ClInclude Include="Src\Application\Resource\ResourceController.h">
      <Filter>Src\Application\Resource</Filter>
    </ClInclude>
    <ClInclude Include="Src\Application\Resource\Prefab\PrefabController.h">
      <Filter>Src\Application\Resource\Prefab</Filter>
    </ClInclude>
    <ClInclude Include="Src\Application\Resource\Prefab\Prefab.h">
      <Filter>Src\Application\Resource\Prefab</Filter>
    </ClInclude>
    <ClInclude Include="Src\Application\FileSaveAndLoad\Prefab\PrefabFileSaveAndLoad.h">
      <Filter>Src\Application\FileSaveAndLoad\Prefab</Filter>
    </ClInclude>
    <ClInclude Include="Src\Application\FileSaveAndLoad\GameObject\GameObjectFileSaveAndLoad.h">
      <Filter>Src\Application\FileSaveAndLoad\GameObject</Filter>
    </ClInclude>
    <ClInclude Include="Src\System\ImGui\Window\ImGuiWindowBase.h">
      <Filter>Src\System\ImGui\Window</Filter>
    </ClInclude>
    <ClInclude Include="Src\System\ImGui\Window\MenuBar\MenuBarImGuiWindow.h">
      <Filter>Src\System\ImGui\Window\MenuBar</Filter>
    </ClInclude>
    <ClInclude Include="Src\System\ImGui\Window\Hierarchy\HierarchyImGuiWindow.h">
      <Filter>Src\System\ImGui\Window\Hierarchy</Filter>
    </ClInclude>
    <ClInclude Include="Src\System\ImGui\Window\Inspector\SpawnData\SpawnDataInspectorImGuiWindow.h">
      <Filter>Src\System\ImGui\Window\Inspector\SpawnData</Filter>
    </ClInclude>
    <ClInclude Include="Src\System\ImGui\Window\Inspector\PrefabData\PrefabDataInspectorImGuiWindow.h">
      <Filter>Src\System\ImGui\Window\Inspector\PrefabData</Filter>
    </ClInclude>
    <ClInclude Include="Src\System\ImGui\Config\ImGuiConfigBase.h">
      <Filter>Src\System\ImGui\Config</Filter>
    </ClInclude>
    <ClInclude Include="Src\System\ImGui\Config\PrefabRegistrationDataList\PrefabRegistrationDataListImGuiConfig.h">
      <Filter>Src\System\ImGui\Config\PrefabRegistrationDataList</Filter>
    </ClInclude>
    <ClInclude Include="Src\System\ImGui\Window\Inspector\Config\PrefabRegistrationDataList\PrefabRegistrationDataListInspectorImGuiWindow.h">
      <Filter>Src\System\ImGui\Window\Inspector\Config\PrefabRegistrationDataList</Filter>
    </ClInclude>
    <ClInclude Include="Src\Application\FileSaveAndLoad\FileSaveAndLoadBase.h">
      <Filter>Src\Application\FileSaveAndLoad</Filter>
    </ClInclude>
    <ClInclude Include="Src\System\ImGui\Window\Inspector\PrefabData\PrefabSceneFilePathListInspectorImGuiWindow.h">
      <Filter>Src\System\ImGui\Window\Inspector\PrefabData</Filter>
    </ClInclude>
    <ClInclude Include="Src\System\ImGui\Config\SceneView\SceneViewImGuiConfig.h">
      <Filter>Src\System\ImGui\Config\SceneView</Filter>
    </ClInclude>
    <ClInclude Include="Src\System\ImGui\Window\SceneView\SceneViewImGuiWindow.h">
      <Filter>Src\System\ImGui\Window\SceneView</Filter>
    </ClInclude>
    <ClInclude Include="Src\Application\Utility\Input\InputUtility.h">
      <Filter>Src\Application\Utility\Input</Filter>
    </ClInclude>
    <ClInclude Include="Src\System\ImGui\Window\InputCheck\InputCheckImGuiWindow.h">
      <Filter>Src\System\ImGui\Window\InputCheck</Filter>
    </ClInclude>
    <ClInclude Include="Src\Application\PlayerInputConfig\PlayerInputConfig.h">
      <Filter>Src\Application\PlayerInputConfig</Filter>
    </ClInclude>
    <ClInclude Include="Src\Application\Factory\Comopnent\ComponentFactory.h">
      <Filter>Src\Application\Factory\Component</Filter>
    </ClInclude>
    <ClInclude Include="Src\Application\Strategy\IStrategy.h">
      <Filter>Src\Application\Strategy</Filter>
    </ClInclude>
    <ClInclude Include="Src\Application\Factory\Strategy\StrategyFactory.h">
      <Filter>Src\Application\Factory\Strategy</Filter>
    </ClInclude>
    <ClInclude Include="Src\System\ImGui\Window\TerrainCreate\TerrainCreateImGuiWindow.h">
      <Filter>Src\System\ImGui\Window\TerrainCreate</Filter>
    </ClInclude>
    <ClInclude Include="Src\Application\Utility\Component\ComponentUtility.h">
      <Filter>Src\Application\Utility\Component</Filter>
    </ClInclude>
    <ClInclude Include="Src\Application\Utility\Strategy\StrategyUtility.h">
      <Filter>Src\Application\Utility\Strategy</Filter>
    </ClInclude>
    <ClInclude Include="Src\Application\Utility\Include\IncludeStrategyUtility.h">
      <Filter>Src\Application\Utility\Include</Filter>
    </ClInclude>
    <ClInclude Include="Src\Application\Component\ComponentBase.h">
      <Filter>Src\Application\Component</Filter>
    </ClInclude>
    <ClInclude Include="Src\Application\Component\Transform\TransformComponent.h">
      <Filter>Src\Application\Component\Transform</Filter>
    </ClInclude>
    <ClInclude Include="Src\Application\Component\Transform\Strategy\CreateLocalSRT\TransformStrategyCreateLocalSRT.h">
      <Filter>Src\Application\Component\Transform\Strategy\CreateLocalSRT</Filter>
    </ClInclude>
    <ClInclude Include="Src\Application\Component\Camera\CameraComponent.h">
      <Filter>Src\Application\Component\Camera</Filter>
    </ClInclude>
    <ClInclude Include="Src\Application\Component\Render\Model\RenderModelComponentBase.h">
      <Filter>Src\Application\Component\Render\Model</Filter>
    </ClInclude>
    <ClInclude Include="Src\Application\Component\Physics\Collider\PhysicsColliderComponent.h">
      <Filter>Src\Application\Component\Physics\Collider</Filter>
    </ClInclude>
    <ClInclude Include="Src\Application\Component\Move\Input\BasedOnTarget\MoveInputBasedOnTargetComponent.h">
      <Filter>Src\Application\Component\Move\Input\BasedOnTarget</Filter>
    </ClInclude>
    <ClInclude Include="Src\Application\Utility\ToValue\ToValueUtility.h">
      <Filter>Src\Application\Utility\ToValue</Filter>
    </ClInclude>
    <ClInclude Include="Src\Application\Component\Input\Player\InputPlayerComponent.h">
      <Filter>Src\Application\Component\Input\Player</Filter>
    </ClInclude>
    <ClInclude Include="Src\Application\Component\SpringArm\SpringArmComponent.h">
      <Filter>Src\Application\Component\SpringArm</Filter>
    </ClInclude>
    <ClInclude Include="Src\Application\Component\Transform\Strategy\CreateLocalSTRParentSRT\TransformStrategyCreateLocalSTRParentSRT.h">
      <Filter>Src\Application\Component\Transform\Strategy\CreateLocalSTRParentSRT</Filter>
    </ClInclude>
    <ClInclude Include="Src\Application\Component\Physics\DebugWire\PhysicsDebugWireComponent.h">
      <Filter>Src\Application\Component\Physics\DebugWire</Filter>
    </ClInclude>
    <ClInclude Include="Src\Application\Observer\Global\GlobalObserver.h">
      <Filter>Src\Application\Observer\Global</Filter>
    </ClInclude>
    <ClInclude Include="Src\Application\Observer\Global\Event\GlobalObserverEvent.h">
      <Filter>Src\Application\Observer\Global\Event</Filter>
    </ClInclude>
    <ClInclude Include="Src\Application\Observer\Component\ComponentObserver.h">
      <Filter>Src\Application\Observer\Component</Filter>
    </ClInclude>
    <ClInclude Include="Src\Application\Component\Physics\Collision\Ray\PhysicsCollisionRayComponent.h">
      <Filter>Src\Application\Component\Physics\Collision\Ray</Filter>
    </ClInclude>
    <ClInclude Include="Src\Application\Component\Physics\Collision\Sphere\PhysicsCollisionSphereComponent.h">
      <Filter>Src\Application\Component\Physics\Collision\Sphere</Filter>
    </ClInclude>
    <ClInclude Include="Src\Application\Observer\Global\EventChannel\EventChannel.h">
      <Filter>Src\Application\Observer\Global\EventChannel</Filter>
    </ClInclude>
    <ClInclude Include="Src\Application\Component\Physics\Gravity\PhysicsGravityComponent.h">
      <Filter>Src\Application\Component\Physics\Gravity</Filter>
    </ClInclude>
    <ClInclude Include="Src\Application\Component\Combat\CombatComponent.h">
      <Filter>Src\Application\Component\Combat</Filter>
    </ClInclude>
    <ClInclude Include="Src\Application\Scene\Changer\SceneChanger.h">
      <Filter>Src\Application\Scene\Changer</Filter>
    </ClInclude>
    <ClInclude Include="Src\Application\Component\BehaviorTree\BehaviorTreeComponent.h">
      <Filter>Src\Application\Component\BehaviorTree</Filter>
    </ClInclude>
    <ClInclude Include="Src\Application\Component\BehaviorTree\BlackBoard\BTBlackBoard.h">
      <Filter>Src\Application\Component\BehaviorTree\BlackBoard</Filter>
    </ClInclude>
    <ClInclude Include="Src\Application\Component\Rotation\Input\Mouse\RotationInputMouseComponent.h">
      <Filter>Src\Application\Component\Rotation\Input\Mouse</Filter>
    </ClInclude>
    <ClInclude Include="Src\System\StaticID\StaticID.h">
      <Filter>Src\System\StaticID</Filter>
    </ClInclude>
    <ClInclude Include="Src\Application\Tag\TagBase.h">
      <Filter>Src\Application\Tag</Filter>
    </ClInclude>
    <ClInclude Include="Src\Application\Tag\TagRegistry.h">
      <Filter>Src\Application\Tag</Filter>
    </ClInclude>
    <ClInclude Include="Src\Application\Component\Rotation\Input\BasedOnTarget\Instant\RotationInputBasedOnTargetInstantComponent.h">
      <Filter>Src\Application\Component\Rotation\Input\BasedOnTarget\Instant</Filter>
    </ClInclude>
    <ClInclude Include="Src\Application\Component\Rotation\Input\BasedOnTarget\Smooth\RotationInputBasedOnTargetSmoothComponent.h">
      <Filter>Src\Application\Component\Rotation\Input\BasedOnTarget\Smooth</Filter>
    </ClInclude>
    <ClInclude Include="Src\Application\Component\Render\Animatoin\Model\RenderAnimationModelComponent.h">
      <Filter>Src\Application\Component\Render\Animation\Model</Filter>
    </ClInclude>
    <ClInclude Include="Src\Application\Component\Render\Static\Model\RenderStaticModelComponent.h">
      <Filter>Src\Application\Component\Render\Static\Model</Filter>
    </ClInclude>
    <ClInclude Include="Src\Application\Observer\Component\Notify\NotifyToComponentBase.h">
      <Filter>Src\Application\Observer\Component\Notify</Filter>
    </ClInclude>
    <ClInclude Include="Src\Application\Observer\Component\Notify\Moment\MomentNotifyToComponent.h">
      <Filter>Src\Application\Observer\Component\Notify\Moment</Filter>
    </ClInclude>
    <ClInclude Include="Src\Application\Observer\Component\Notify\Keep\KeepNotifyToComponent.h">
      <Filter>Src\Application\Observer\Component\Notify\Keep</Filter>
    </ClInclude>
    <ClInclude Include="Src\Application\Factory\GenericFactoryBase.h">
      <Filter>Src\Application\Factory</Filter>
    </ClInclude>
    <ClInclude Include="Src\Application\Factory\Notify\Component\NotifyToComponentFactory.h">
      <Filter>Src\Application\Factory\Notify\Component</Filter>
    </ClInclude>
    <ClInclude Include="Src\Application\Modifier\Interporator\InterpolatorModifierBase.h">
      <Filter>Src\Application\Modifier\Interpolator</Filter>
    </ClInclude>
    <ClInclude Include="Src\Application\Modifier\Interporator\Hermite\HermiteInterpolatorModifier.h">
      <Filter>Src\Application\Modifier\Interpolator\Hermite</Filter>
    </ClInclude>
    <ClInclude Include="Src\Application\Factory\Modifier\Interpolator\InterpolatorFactory.h">
      <Filter>Src\Application\Factory\Modifier\Interpolator</Filter>
    </ClInclude>
    <ClInclude Include="Src\Application\Component\Render\Static\Sprite\RenderStaticSpriteComponent.h">
      <Filter>Src\Application\Component\Render\Static\Sprite</Filter>
    </ClInclude>
    <ClInclude Include="Src\Application\Component\Move\Input\Action\MoveInputActionComponent.h">
      <Filter>Src\Application\Component\Move\Input\Action</Filter>
    </ClInclude>
    <ClInclude Include="..\Library\imgui\imnodes.h">
      <Filter>Library\imgui</Filter>
    </ClInclude>
    <ClInclude Include="..\Library\imgui\imnodes_internal.h">
      <Filter>Library\imgui</Filter>
    </ClInclude>
    <ClInclude Include="Src\System\ImGui\Window\BehaviorTree\BehaviorTreeImGuiWindow.h">
      <Filter>Src\System\ImGui\Window\BehaviorTree</Filter>
    </ClInclude>
    <ClInclude Include="Src\Application\GUID\GUIDManagerBase.h">
      <Filter>Src\Application\GUID</Filter>
    </ClInclude>
    <ClInclude Include="Src\Application\GUID\GameObject\GUIDGameObjectManager.h">
      <Filter>Src\Application\GUID\GameObject</Filter>
    </ClInclude>
    <ClInclude Include="Src\Application\GUID\BehaviorTree\GUIDBehaviorTreeManager.h">
      <Filter>Src\Application\GUID\BehaviorTree</Filter>
    </ClInclude>
    <ClInclude Include="Src\Application\Utility\BehaviorTree\BTUtility.h">
      <Filter>Src\Application\Utility\BehaviorTree</Filter>
    </ClInclude>
    <ClInclude Include="Src\Application\Component\BehaviorTree\Node\BTNodeBase.h">
      <Filter>Src\Application\Component\BehaviorTree\Node</Filter>
    </ClInclude>
    <ClInclude Include="Src\Application\Component\BehaviorTree\Node\Composite\BTNodeCompositeBase.h">
      <Filter>Src\Application\Component\BehaviorTree\Node\Composite</Filter>
    </ClInclude>
    <ClInclude Include="Src\Application\Component\BehaviorTree\Node\Composite\Sequence\BTNodeCompositeSequence.h">
      <Filter>Src\Application\Component\BehaviorTree\Node\Composite\Sequence</Filter>
    </ClInclude>
    <ClInclude Include="Src\Application\Component\BehaviorTree\Node\Composite\Selector\BTNodeCompositeSelector.h">
      <Filter>Src\Application\Component\BehaviorTree\Node\Composite\Selector</Filter>
    </ClInclude>
    <ClInclude Include="Src\Application\Component\BehaviorTree\Node\Decorator\BTNodeDecoratorBase.h">
      <Filter>Src\Application\Component\BehaviorTree\Node\Decorator</Filter>
    </ClInclude>
    <ClInclude Include="Src\Application\Component\BehaviorTree\Node\Root\BTNodeRoot.h">
      <Filter>Src\Application\Component\BehaviorTree\Node\Root</Filter>
    </ClInclude>
    <ClInclude Include="Src\System\ImGui\Window\GUID\GUIDImGuiWindow.h">
      <Filter>Src\System\ImGui\Window\GUID</Filter>
    </ClInclude>
    <ClInclude Include="Src\Application\Component\BehaviorTree\Node\Task\BTNodeTaskBase.h">
      <Filter>Src\Application\Component\BehaviorTree\Node\Task</Filter>
    </ClInclude>
    <ClInclude Include="Src\Application\Tag\ComponentEvent\ComponentEventTag.h">
      <Filter>Src\Application\Tag\ComponentEvent</Filter>
    </ClInclude>
    <ClInclude Include="Src\Application\Component\BehaviorTree\Node\Task\AlwaysPass\BTNodeTaskAlwaysPassBase.h">
      <Filter>Src\Application\Component\BehaviorTree\Node\Task\AlwaysPass</Filter>
    </ClInclude>
    <ClInclude Include="Src\Application\CommonCore\CommonCoreBase.h">
      <Filter>Src\Application\CommonCore</Filter>
    </ClInclude>
    <ClInclude Include="Src\Application\CommonCore\AssetFilePath\CommonCoreAssetFilePath.h">
      <Filter>Src\Application\CommonCore\AssetFilePath</Filter>
    </ClInclude>
    <ClInclude Include="Src\Application\CommonCore\GUIDBinder\CommonCoreGUIDBinder.h">
      <Filter>Src\Application\CommonCore\GUIDBinder</Filter>
    </ClInclude>
    <ClInclude Include="Src\Application\CommonCore\Move\CommonCoreMove.h">
      <Filter>Src\Application\CommonCore\Move</Filter>
    </ClInclude>
    <ClInclude Include="Src\Application\CommonCore\Move\Input\CommonCoreMoveInput.h">
      <Filter>Src\Application\CommonCore\Move\Input</Filter>
    </ClInclude>
    <ClInclude Include="Src\Application\CommonCore\Physics\Collision\CommonCorePhysicsCollision.h">
      <Filter>Src\Application\CommonCore\Physics\Collision</Filter>
    </ClInclude>
    <ClInclude Include="Src\Application\CommonCore\Render\CommonCoreRender.h">
      <Filter>Src\Application\CommonCore\Render</Filter>
    </ClInclude>
    <ClInclude Include="Src\Application\CommonCore\Render\Model\CommonCoreRenderModel.h">
      <Filter>Src\Application\CommonCore\Render\Model</Filter>
    </ClInclude>
    <ClInclude Include="Src\Application\CommonCore\Rotation\CommonCoreRotation.h">
      <Filter>Src\Application\CommonCore\Rotation</Filter>
    </ClInclude>
    <ClInclude Include="Src\Application\CommonCore\Rotation\Input\Smooth\CommonCoreRotationInputSmooth.h">
      <Filter>Src\Application\CommonCore\Rotation\Input\Smooth</Filter>
    </ClInclude>
    <ClInclude Include="Src\Application\Component\BehaviorTree\BlackBoard\Data\BTBlackBoardDataBase.h">
      <Filter>Src\Application\Component\BehaviorTree\BlackBoard\Data</Filter>
    </ClInclude>
    <ClInclude Include="Src\Application\Component\BehaviorTree\BlackBoard\Data\IBTBlackBoardData.h">
      <Filter>Src\Application\Component\BehaviorTree\BlackBoard\Data</Filter>
    </ClInclude>
    <ClInclude Include="Src\Application\Factory\BehaviorTree\Node\BTNodeFactory.h">
      <Filter>Src\Application\Factory\BehaviorTree\Node</Filter>
    </ClInclude>
    <ClInclude Include="Src\Application\Factory\BehaviorTree\BlackBoardData\BTBlackBoardDataFactory.h">
      <Filter>Src\Application\Factory\BehaviorTree\BlackBoardData</Filter>
    </ClInclude>
    <ClInclude Include="Src\Application\Component\BehaviorTree\Node\Task\AlwaysPass\CalcVectorToTarget\BTNodeTaskAlwaysPassCalcVectorToTarget.h">
      <Filter>Src\Application\Component\BehaviorTree\Node\Task\AlwaysPass\CalcVectorToTarget</Filter>
    </ClInclude>
    <ClInclude Include="Src\Application\Component\BehaviorTree\BlackBoard\Data\CalcVectorToTarget\BTBlackBoardCalcVectorToTargetData.h">
      <Filter>Src\Application\Component\BehaviorTree\BlackBoard\Data\CalcVectorToTarget</Filter>
    </ClInclude>
    <ClInclude Include="Src\Application\Component\BehaviorTree\BlackBoard\Data\TargetTransformComponentCache\BTBlackBoardTargetTransformComponentCacheData.h">
      <Filter>Src\Application\Component\BehaviorTree\BlackBoard\Data\TargetTransformComponentCache</Filter>
    </ClInclude>
    <ClInclude Include="Src\Application\Component\BehaviorTree\BlackBoard\Data\CalcDistanceToTarget\BTBlackBoardCalcDistanceToTargetData.h">
      <Filter>Src\Application\Component\BehaviorTree\BlackBoard\Data\CalcDistanceToTarget</Filter>
    </ClInclude>
    <ClInclude Include="Src\Application\Component\BehaviorTree\Node\Decorator\Wait\BTNodeDecoratorWait.h">
      <Filter>Src\Application\Component\BehaviorTree\Node\Decorator\Wait</Filter>
    </ClInclude>
    <ClInclude Include="Src\Application\Component\BehaviorTree\Node\Decorator\Inverter\BTNodeDecoratorInverterBase.h">
      <Filter>Src\Application\Component\BehaviorTree\Node\Decorator\Inverter</Filter>
    </ClInclude>
    <ClInclude Include="Src\Application\Component\BehaviorTree\Node\Branch\BTNodeBranchBase.h">
      <Filter>Src\Application\Component\BehaviorTree\Node\Branch</Filter>
    </ClInclude>
    <ClInclude Include="Src\Application\Component\BehaviorTree\Node\Branch\WithinDistance\BTNodeWithinDistanceBranch.h">
      <Filter>Src\Application\Component\BehaviorTree\Node\Branch\WithinDistance</Filter>
    </ClInclude>
    <ClInclude Include="Src\Application\Component\BehaviorTree\Node\Task\AlwaysPass\Move\Run\LockOn\BTNodeTaskAlwaysPassMoveRunLockOn.h">
      <Filter>Src\Application\Component\BehaviorTree\Node\Task\AlwaysPass\Move\Run\LockOn</Filter>
    </ClInclude>
    <ClInclude Include="Src\Application\Component\BehaviorTree\Node\Task\Move\Random\LockOn\BTNodeTaskMoveRandomLockOn.h">
      <Filter>Src\Application\Component\BehaviorTree\Node\Task\Move\Random\LockOn</Filter>
    </ClInclude>
    <ClInclude Include="Src\Application\Component\BehaviorTree\BlackBoard\Data\FinishedRandomMove\BTBlackBoardFinishedRandomMoveData.h">
      <Filter>Src\Application\Component\BehaviorTree\BlackBoard\Data\FinishedRandomMove</Filter>
    </ClInclude>
    <ClInclude Include="Src\System\Calculation\Random\CalculationRandom.h">
      <Filter>Src\System\Calculation\Random</Filter>
    </ClInclude>
    <ClInclude Include="Src\Application\CommonCore\Interpolator\CommonCoreInterpolator.h">
      <Filter>Src\Application\CommonCore\Interpolator</Filter>
    </ClInclude>
    <ClInclude Include="Src\Application\Component\Render\Animatoin\Model\Clip\RenderAnimationModelClip.h">
      <Filter>Src\Application\Component\Render\Animation\Model\Clip</Filter>
    </ClInclude>
    <ClInclude Include="Src\Application\Component\Render\ShaderParam\RenderShaderParamBase.h">
      <Filter>Src\Application\Component\Render\ShaderParam</Filter>
    </ClInclude>
    <ClInclude Include="Src\Application\Component\Render\ShaderParam\AlphaDither\RenderShaderParamAlphaDither.h">
      <Filter>Src\Application\Component\Render\ShaderParam\AlphaDither</Filter>
    </ClInclude>
    <ClInclude Include="Src\Application\Factory\RenderShaderParam\RenderShaderParamFactory.h">
      <Filter>Src\Application\Factory\RenderShaderParam</Filter>
    </ClInclude>
  </ItemGroup>
  <ItemGroup>
    <ClCompile Include="src\Pch.cpp">
      <Filter>Src</Filter>
    </ClCompile>
    <ClCompile Include="Src\Application\main.cpp">
      <Filter>Src\Application</Filter>
    </ClCompile>
    <ClCompile Include="src\Framework\Direct3D\KdDirect3D.cpp">
      <Filter>Src\Framework\Direct3D</Filter>
    </ClCompile>
    <ClCompile Include="src\Framework\Direct3D\KdTexture.cpp">
      <Filter>Src\Framework\Direct3D</Filter>
    </ClCompile>
    <ClCompile Include="src\Framework\Direct3D\KdBuffer.cpp">
      <Filter>Src\Framework\Direct3D</Filter>
    </ClCompile>
    <ClCompile Include="Src\Framework\Direct3D\KdGLTFLoader.cpp">
      <Filter>Src\Framework\Direct3D</Filter>
    </ClCompile>
    <ClCompile Include="Src\Framework\Shader\KdShaderManager.cpp">
      <Filter>Src\Framework\Shader</Filter>
    </ClCompile>
    <ClCompile Include="Src\Framework\Shader\SpriteShader\KdSpriteShader.cpp">
      <Filter>Src\Framework\Shader\SpriteShader</Filter>
    </ClCompile>
    <ClCompile Include="src\Framework\Window\KdWindow.cpp">
      <Filter>Src\Framework\Window</Filter>
    </ClCompile>
    <ClCompile Include="Src\Framework\Utility\KdUtility.cpp">
      <Filter>Src\Framework\Utility</Filter>
    </ClCompile>
    <ClCompile Include="src\Framework\Direct3D\KdMesh.cpp">
      <Filter>Src\Framework\Direct3D</Filter>
    </ClCompile>
    <ClCompile Include="Src\Framework\Direct3D\KdModel.cpp">
      <Filter>Src\Framework\Direct3D</Filter>
    </ClCompile>
    <ClCompile Include="Src\Framework\Math\KdCollision.cpp">
      <Filter>Src\Framework\Math</Filter>
    </ClCompile>
    <ClCompile Include="Src\Framework\Math\KdAnimation.cpp">
      <Filter>Src\Framework\Math</Filter>
    </ClCompile>
    <ClCompile Include="Src\Framework\Audio\KdAudio.cpp">
      <Filter>Src\Framework\Audio</Filter>
    </ClCompile>
    <ClCompile Include="Src\Framework\Direct3D\KdCamera.cpp">
      <Filter>Src\Framework\Direct3D</Filter>
    </ClCompile>
    <ClCompile Include="Src\Framework\Shader\PostProcessShader\KdPostProcessShader.cpp">
      <Filter>Src\Framework\Shader\PostProcessShader</Filter>
    </ClCompile>
    <ClCompile Include="Src\Framework\Math\KdCollider.cpp">
      <Filter>Src\Framework\Math</Filter>
    </ClCompile>
    <ClCompile Include="Src\Framework\Math\KdEasing.cpp">
      <Filter>Src\Framework\Math</Filter>
    </ClCompile>
    <ClCompile Include="Src\Framework\GameObject\KdGameObject.cpp">
      <Filter>Src\Framework\GameObject</Filter>
    </ClCompile>
    <ClCompile Include="Src\Framework\GameObject\KdGameObjectFactory.cpp">
      <Filter>Src\Framework\GameObject</Filter>
    </ClCompile>
    <ClCompile Include="Src\Framework\Input\KdInput.cpp">
      <Filter>Src\Framework\Input</Filter>
    </ClCompile>
    <ClCompile Include="Src\Framework\Utility\KdCSVData.cpp">
      <Filter>Src\Framework\Utility</Filter>
    </ClCompile>
    <ClCompile Include="Src\Framework\Direct3D\Polygon\KdSquarePolygon.cpp">
      <Filter>Src\Framework\Direct3D\Polygon</Filter>
    </ClCompile>
    <ClCompile Include="Src\Framework\Direct3D\Polygon\KdTrailPolygon.cpp">
      <Filter>Src\Framework\Direct3D\Polygon</Filter>
    </ClCompile>
    <ClCompile Include="Src\Framework\Direct3D\KdMaterial.cpp">
      <Filter>Src\Framework\Direct3D</Filter>
    </ClCompile>
    <ClCompile Include="Src\Framework\Direct3D\Polygon\KdPolygon.cpp">
      <Filter>Src\Framework\Direct3D\Polygon</Filter>
    </ClCompile>
    <ClCompile Include="Src\Framework\Shader\KdAmbientController.cpp">
      <Filter>Src\Framework\Shader</Filter>
    </ClCompile>
    <ClCompile Include="Src\Framework\Math\KdUVAnimation.cpp">
      <Filter>Src\Framework\Math</Filter>
    </ClCompile>
    <ClCompile Include="Src\Framework\Shader\KdRenderTargetChange.cpp">
      <Filter>Src\Framework\Shader</Filter>
    </ClCompile>
    <ClCompile Include="Src\Framework\Utility\KdFPSController.cpp">
      <Filter>Src\Framework\Utility</Filter>
    </ClCompile>
    <ClCompile Include="Src\Framework\Shader\StandardShader\KdStandardShader.cpp">
      <Filter>Src\Framework\Shader\StandardShader</Filter>
    </ClCompile>
    <ClCompile Include="Src\Framework\Effekseer\KdEffekseerManager.cpp">
      <Filter>Src\Framework\Effekseer</Filter>
    </ClCompile>
    <ClCompile Include="..\Library\imgui\imgui.cpp">
      <Filter>Library\imgui</Filter>
    </ClCompile>
    <ClCompile Include="..\Library\imgui\imgui_demo.cpp">
      <Filter>Library\imgui</Filter>
    </ClCompile>
    <ClCompile Include="..\Library\imgui\imgui_draw.cpp">
      <Filter>Library\imgui</Filter>
    </ClCompile>
    <ClCompile Include="..\Library\imgui\imgui_impl_dx11.cpp">
      <Filter>Library\imgui</Filter>
    </ClCompile>
    <ClCompile Include="..\Library\imgui\imgui_impl_win32.cpp">
      <Filter>Library\imgui</Filter>
    </ClCompile>
    <ClCompile Include="..\Library\imgui\imgui_stdlib.cpp">
      <Filter>Library\imgui</Filter>
    </ClCompile>
    <ClCompile Include="..\Library\imgui\imgui_tables.cpp">
      <Filter>Library\imgui</Filter>
    </ClCompile>
    <ClCompile Include="..\Library\imgui\imgui_widgets.cpp">
      <Filter>Library\imgui</Filter>
    </ClCompile>
    <ClCompile Include="Src\Framework\Utility\Debug\KdDebugWireFrame.cpp">
      <Filter>Src\Framework\Utility\Debug</Filter>
    </ClCompile>
    <ClCompile Include="Src\Application\Scene\SceneManager.cpp">
      <Filter>Src\Application\Scene</Filter>
    </ClCompile>
    <ClCompile Include="Src\Application\Scene\TitleScene\TitleScene.cpp">
      <Filter>Src\Application\Scene\TitleScene</Filter>
    </ClCompile>
    <ClCompile Include="Src\Application\Scene\GameScene\GameScene.cpp">
      <Filter>Src\Application\Scene\GameScene</Filter>
    </ClCompile>
    <ClCompile Include="Src\Application\Scene\BaseScene\BaseScene.cpp">
      <Filter>Src\Application\Scene\BaseScene</Filter>
    </ClCompile>
    <ClCompile Include="Src\Framework\Utility\KdDebugGUI.cpp">
      <Filter>Src\Framework\Utility</Filter>
    </ClCompile>
    <ClCompile Include="Src\System\Input\RawInputManager.cpp">
      <Filter>Src\System\Input</Filter>
    </ClCompile>
    <ClCompile Include="Src\Application\GameObject\GameObject.cpp">
      <Filter>Src\Application\GameObject</Filter>
    </ClCompile>
    <ClCompile Include="Src\Application\Utility\ImGui\ImGuiUtility.cpp">
      <Filter>Src\Application\Utility\ImGui</Filter>
    </ClCompile>
    <ClCompile Include="Src\System\ImGui\ImGuiManager.cpp">
      <Filter>Src\System\ImGui</Filter>
    </ClCompile>
    <ClCompile Include="Src\System\FileSystem\FileSystem.cpp">
      <Filter>Src\System\FileSystem</Filter>
    </ClCompile>
    <ClCompile Include="Src\Application\Resource\ResourceController.cpp">
      <Filter>Src\Application\Resource</Filter>
    </ClCompile>
    <ClCompile Include="Src\Application\Resource\Prefab\PrefabController.cpp">
      <Filter>Src\Application\Resource\Prefab</Filter>
    </ClCompile>
    <ClCompile Include="Src\Application\FileSaveAndLoad\Prefab\PrefabFileSaveAndLoad.cpp">
      <Filter>Src\Application\FileSaveAndLoad\Prefab</Filter>
    </ClCompile>
    <ClCompile Include="Src\Application\FileSaveAndLoad\GameObject\GameObjectFileSaveAndLoad.cpp">
      <Filter>Src\Application\FileSaveAndLoad\GameObject</Filter>
    </ClCompile>
    <ClCompile Include="Src\System\ImGui\Window\MenuBar\MenuBarImGuiWindow.cpp">
      <Filter>Src\System\ImGui\Window\MenuBar</Filter>
    </ClCompile>
    <ClCompile Include="Src\System\ImGui\Window\Hierarchy\HierarchyImGuiWindow.cpp">
      <Filter>Src\System\ImGui\Window\Hierarchy</Filter>
    </ClCompile>
    <ClCompile Include="Src\System\ImGui\Window\Inspector\SpawnData\SpawnDataInspectorImGuiWindow.cpp">
      <Filter>Src\System\ImGui\Window\Inspector\SpawnData</Filter>
    </ClCompile>
    <ClCompile Include="Src\System\ImGui\Window\Inspector\PrefabData\PrefabDataInspectorImGuiWindow.cpp">
      <Filter>Src\System\ImGui\Window\Inspector\PrefabData</Filter>
    </ClCompile>
    <ClCompile Include="Src\System\ImGui\Config\PrefabRegistrationDataList\PrefabRegistrationDataListImGuiConfig.cpp">
      <Filter>Src\System\ImGui\Config\PrefabRegistrationDataList</Filter>
    </ClCompile>
    <ClCompile Include="Src\System\ImGui\Window\Inspector\Config\PrefabRegistrationDataList\PrefabRegistrationDataListInspectorImGuiWindow.cpp">
      <Filter>Src\System\ImGui\Window\Inspector\Config\PrefabRegistrationDataList</Filter>
    </ClCompile>
    <ClCompile Include="Src\System\ImGui\Window\Inspector\PrefabData\PrefabSceneFilePathListInspectorImGuiWindow.cpp">
      <Filter>Src\System\ImGui\Window\Inspector\PrefabData</Filter>
    </ClCompile>
    <ClCompile Include="Src\System\ImGui\Config\SceneView\SceneViewImGuiConfig.cpp">
      <Filter>Src\System\ImGui\Config\SceneView</Filter>
    </ClCompile>
    <ClCompile Include="Src\System\ImGui\Window\SceneView\SceneViewImGuiWindow.cpp">
      <Filter>Src\System\ImGui\Window\SceneView</Filter>
    </ClCompile>
    <ClCompile Include="Src\System\ImGui\Window\InputCheck\InputCheckImGuiWindow.cpp">
      <Filter>Src\System\ImGui\Window\InputCheck</Filter>
    </ClCompile>
    <ClCompile Include="Src\Application\PlayerInputConfig\PlayerInputConfig.cpp">
      <Filter>Src\Application\PlayerInputConfig</Filter>
    </ClCompile>
    <ClCompile Include="Src\Application\Factory\Comopnent\ComponentFactory.cpp">
      <Filter>Src\Application\Factory\Component</Filter>
    </ClCompile>
    <ClCompile Include="Src\System\ImGui\Window\TerrainCreate\TerrainCreateImGuiWindow.cpp">
      <Filter>Src\System\ImGui\Window\TerrainCreate</Filter>
    </ClCompile>
    <ClCompile Include="Src\Application\Component\Transform\TransformComponent.cpp">
      <Filter>Src\Application\Component\Transform</Filter>
    </ClCompile>
    <ClCompile Include="Src\Application\Component\Transform\Strategy\CreateLocalSRT\TransformStrategyCreateLocalSRT.cpp">
      <Filter>Src\Application\Component\Transform\Strategy\CreateLocalSRT</Filter>
    </ClCompile>
    <ClCompile Include="Src\Application\Component\Camera\CameraComponent.cpp">
      <Filter>Src\Application\Component\Camera</Filter>
    </ClCompile>
    <ClCompile Include="Src\Application\Component\Physics\Collider\PhysicsColliderComponent.cpp">
      <Filter>Src\Application\Component\Physics\Collider</Filter>
    </ClCompile>
    <ClCompile Include="Src\Application\Component\Move\Input\BasedOnTarget\MoveInputBasedOnTargetComponent.cpp">
      <Filter>Src\Application\Component\Move\Input\BasedOnTarget</Filter>
    </ClCompile>
    <ClCompile Include="Src\Application\Component\Input\Player\InputPlayerComponent.cpp">
      <Filter>Src\Application\Component\Input\Player</Filter>
    </ClCompile>
    <ClCompile Include="Src\Application\Component\SpringArm\SpringArmComponent.cpp">
      <Filter>Src\Application\Component\SpringArm</Filter>
    </ClCompile>
    <ClCompile Include="Src\Application\Component\Transform\Strategy\CreateLocalSTRParentSRT\TransformStrategyCreateLocalSTRParentSRT.cpp">
      <Filter>Src\Application\Component\Transform\Strategy\CreateLocalSTRParentSRT</Filter>
    </ClCompile>
    <ClCompile Include="Src\Application\Component\Physics\DebugWire\PhysicsDebugWireComponent.cpp">
      <Filter>Src\Application\Component\Physics\DebugWire</Filter>
    </ClCompile>
    <ClCompile Include="Src\Application\Observer\Global\GlobalObserver.cpp">
      <Filter>Src\Application\Observer\Global</Filter>
    </ClCompile>
    <ClCompile Include="Src\Application\Component\Physics\Collision\Ray\PhysicsCollisionRayComponent.cpp">
      <Filter>Src\Application\Component\Physics\Collision\Ray</Filter>
    </ClCompile>
    <ClCompile Include="Src\Application\Component\Physics\Collision\Sphere\PhysicsCollisionSphereComponent.cpp">
      <Filter>Src\Application\Component\Physics\Collision\Sphere</Filter>
    </ClCompile>
    <ClCompile Include="Src\Application\Observer\Component\ComponentObserver.cpp">
      <Filter>Src\Application\Observer\Component</Filter>
    </ClCompile>
    <ClCompile Include="Src\Application\Component\Physics\Gravity\PhysicsGravityComponent.cpp">
      <Filter>Src\Application\Component\Physics\Gravity</Filter>
    </ClCompile>
    <ClCompile Include="Src\Application\Component\Combat\CombatComponent.cpp">
      <Filter>Src\Application\Component\Combat</Filter>
    </ClCompile>
    <ClCompile Include="Src\Application\Scene\Changer\SceneChanger.cpp">
      <Filter>Src\Application\Scene\Changer</Filter>
    </ClCompile>
    <ClCompile Include="Src\Application\Component\BehaviorTree\BehaviorTreeComponent.cpp">
      <Filter>Src\Application\Component\BehaviorTree</Filter>
    </ClCompile>
    <ClCompile Include="Src\Application\Component\BehaviorTree\BlackBoard\BTBlackBoard.cpp">
      <Filter>Src\Application\Component\BehaviorTree\BlackBoard</Filter>
    </ClCompile>
    <ClCompile Include="Src\Application\Component\Rotation\Input\Mouse\RotationInputMouseComponent.cpp">
      <Filter>Src\Application\Component\Rotation\Input\Mouse</Filter>
    </ClCompile>
    <ClCompile Include="Src\Application\Component\Rotation\Input\BasedOnTarget\Instant\RotationInputBasedOnTargetInstantComponent.cpp">
      <Filter>Src\Application\Component\Rotation\Input\BasedOnTarget\Instant</Filter>
    </ClCompile>
    <ClCompile Include="Src\Application\Component\Rotation\Input\BasedOnTarget\Smooth\RotationInputBasedOnTargetSmoothComponent.cpp">
      <Filter>Src\Application\Component\Rotation\Input\BasedOnTarget\Smooth</Filter>
    </ClCompile>
    <ClCompile Include="Src\Application\Component\Render\Animatoin\Model\RenderAnimationModelComponent.cpp">
      <Filter>Src\Application\Component\Render\Animation\Model</Filter>
    </ClCompile>
    <ClCompile Include="Src\Application\Component\Render\Static\Model\RenderStaticModelComponent.cpp">
      <Filter>Src\Application\Component\Render\Static\Model</Filter>
    </ClCompile>
    <ClCompile Include="Src\Application\Observer\Component\Notify\NotifyToComponentBase.cpp">
      <Filter>Src\Application\Observer\Component\Notify</Filter>
    </ClCompile>
    <ClCompile Include="Src\Application\Observer\Component\Notify\Moment\MomentNotifyToComponent.cpp">
      <Filter>Src\Application\Observer\Component\Notify\Moment</Filter>
    </ClCompile>
    <ClCompile Include="Src\Application\Observer\Component\Notify\Keep\KeepNotifyToComponent.cpp">
      <Filter>Src\Application\Observer\Component\Notify\Keep</Filter>
    </ClCompile>
    <ClCompile Include="Src\Application\Factory\Notify\Component\NotifyToComponentFactory.cpp">
      <Filter>Src\Application\Factory\Notify\Component</Filter>
    </ClCompile>
    <ClCompile Include="Src\Application\Modifier\Interporator\InterpolatorModifierBase.cpp">
      <Filter>Src\Application\Modifier\Interpolator</Filter>
    </ClCompile>
    <ClCompile Include="Src\Application\Modifier\Interporator\Hermite\HermiteInterpolatorModifier.cpp">
      <Filter>Src\Application\Modifier\Interpolator\Hermite</Filter>
    </ClCompile>
    <ClCompile Include="Src\Application\Factory\Modifier\Interpolator\InterpolatorFactory.cpp">
      <Filter>Src\Application\Factory\Modifier\Interpolator</Filter>
    </ClCompile>
    <ClCompile Include="Src\Application\Component\Render\Static\Sprite\RenderStaticSpriteComponent.cpp">
      <Filter>Src\Application\Component\Render\Static\Sprite</Filter>
    </ClCompile>
    <ClCompile Include="Src\Application\Component\Move\Input\Action\MoveInputActionComponent.cpp">
      <Filter>Src\Application\Component\Move\Input\Action</Filter>
    </ClCompile>
    <ClCompile Include="..\Library\imgui\imnodes.cpp">
      <Filter>Library\imgui</Filter>
    </ClCompile>
    <ClCompile Include="Src\System\ImGui\Window\BehaviorTree\BehaviorTreeImGuiWindow.cpp">
      <Filter>Src\System\ImGui\Window\BehaviorTree</Filter>
    </ClCompile>
    <ClCompile Include="Src\Application\GUID\GUIDManagerBase.cpp">
      <Filter>Src\Application\GUID</Filter>
    </ClCompile>
    <ClCompile Include="Src\Application\Component\BehaviorTree\Node\BTNodeBase.cpp">
      <Filter>Src\Application\Component\BehaviorTree\Node</Filter>
    </ClCompile>
    <ClCompile Include="Src\Application\Component\BehaviorTree\Node\Composite\BTNodeCompositeBase.cpp">
      <Filter>Src\Application\Component\BehaviorTree\Node\Composite</Filter>
    </ClCompile>
    <ClCompile Include="Src\Application\Component\BehaviorTree\Node\Composite\Sequence\BTNodeCompositeSequence.cpp">
      <Filter>Src\Application\Component\BehaviorTree\Node\Composite\Sequence</Filter>
    </ClCompile>
    <ClCompile Include="Src\Application\Component\BehaviorTree\Node\Composite\Selector\BTNodeCompositeSelector.cpp">
      <Filter>Src\Application\Component\BehaviorTree\Node\Composite\Selector</Filter>
    </ClCompile>
    <ClCompile Include="Src\Application\Component\BehaviorTree\Node\Decorator\BTNodeDecoratorBase.cpp">
      <Filter>Src\Application\Component\BehaviorTree\Node\Decorator</Filter>
    </ClCompile>
    <ClCompile Include="Src\Application\Component\BehaviorTree\Node\Root\BTNodeRoot.cpp">
      <Filter>Src\Application\Component\BehaviorTree\Node\Root</Filter>
    </ClCompile>
    <ClCompile Include="Src\System\ImGui\Window\GUID\GUIDImGuiWindow.cpp">
      <Filter>Src\System\ImGui\Window\GUID</Filter>
    </ClCompile>
    <ClCompile Include="Src\Application\Component\BehaviorTree\Node\Task\BTNodeTaskBase.cpp">
      <Filter>Src\Application\Component\BehaviorTree\Node\Task</Filter>
    </ClCompile>
    <ClCompile Include="Src\Application\CommonCore\AssetFilePath\CommonCoreAssetFilePath.cpp">
      <Filter>Src\Application\CommonCore\AssetFilePath</Filter>
    </ClCompile>
    <ClCompile Include="Src\Application\CommonCore\Move\CommonCoreMove.cpp">
      <Filter>Src\Application\CommonCore\Move</Filter>
    </ClCompile>
    <ClCompile Include="Src\Application\CommonCore\Move\Input\CommonCoreMoveInput.cpp">
      <Filter>Src\Application\CommonCore\Move\Input</Filter>
    </ClCompile>
    <ClCompile Include="Src\Application\CommonCore\Physics\Collision\CommonCorePhysicsCollision.cpp">
      <Filter>Src\Application\CommonCore\Physics\Collision</Filter>
    </ClCompile>
    <ClCompile Include="Src\Application\CommonCore\Render\CommonCoreRender.cpp">
      <Filter>Src\Application\CommonCore\Render</Filter>
    </ClCompile>
    <ClCompile Include="Src\Application\CommonCore\Render\Model\CommonCoreRenderModel.cpp">
      <Filter>Src\Application\CommonCore\Render\Model</Filter>
    </ClCompile>
    <ClCompile Include="Src\Application\CommonCore\Rotation\CommonCoreRotation.cpp">
      <Filter>Src\Application\CommonCore\Rotation</Filter>
    </ClCompile>
    <ClCompile Include="Src\Application\CommonCore\Rotation\Input\Smooth\CommonCoreRotationInputSmooth.cpp">
      <Filter>Src\Application\CommonCore\Rotation\Input\Smooth</Filter>
    </ClCompile>
    <ClCompile Include="Src\Application\Factory\BehaviorTree\Node\BTNodeFactory.cpp">
      <Filter>Src\Application\Factory\BehaviorTree\Node</Filter>
    </ClCompile>
    <ClCompile Include="Src\Application\Factory\BehaviorTree\BlackBoardData\BTBlackBoardDataFactory.cpp">
      <Filter>Src\Application\Factory\BehaviorTree\BlackBoardData</Filter>
    </ClCompile>
    <ClCompile Include="Src\Application\Component\BehaviorTree\Node\Task\AlwaysPass\CalcVectorToTarget\BTNodeTaskAlwaysPassCalcVectorToTarget.cpp">
      <Filter>Src\Application\Component\BehaviorTree\Node\Task\AlwaysPass\CalcVectorToTarget</Filter>
    </ClCompile>
    <ClCompile Include="Src\Application\Component\BehaviorTree\BlackBoard\Data\TargetTransformComponentCache\BTBlackBoardTargetTransformComponentCacheData.cpp">
      <Filter>Src\Application\Component\BehaviorTree\BlackBoard\Data\TargetTransformComponentCache</Filter>
    </ClCompile>
    <ClCompile Include="Src\Application\Component\BehaviorTree\Node\Decorator\Wait\BTNodeDecoratorWait.cpp">
      <Filter>Src\Application\Component\BehaviorTree\Node\Decorator\Wait</Filter>
    </ClCompile>
    <ClCompile Include="Src\Application\Component\BehaviorTree\Node\Decorator\Inverter\BTNodeDecoratorInverterBase.cpp">
      <Filter>Src\Application\Component\BehaviorTree\Node\Decorator\Inverter</Filter>
    </ClCompile>
    <ClCompile Include="Src\Application\Component\BehaviorTree\Node\Branch\BTNodeBranchBase.cpp">
      <Filter>Src\Application\Component\BehaviorTree\Node\Branch</Filter>
    </ClCompile>
    <ClCompile Include="Src\Application\Component\BehaviorTree\Node\Branch\WithinDistance\BTNodeWithinDistanceBranch.cpp">
      <Filter>Src\Application\Component\BehaviorTree\Node\Branch\WithinDistance</Filter>
    </ClCompile>
    <ClCompile Include="Src\Application\Component\BehaviorTree\Node\Task\AlwaysPass\Move\Run\LockOn\BTNodeTaskAlwaysPassMoveRunLockOn.cpp">
      <Filter>Src\Application\Component\BehaviorTree\Node\Task\AlwaysPass\Move\Run\LockOn</Filter>
    </ClCompile>
    <ClCompile Include="Src\Application\Component\BehaviorTree\Node\Task\Move\Random\LockOn\BTNodeTaskMoveRandomLockOn.cpp">
      <Filter>Src\Application\Component\BehaviorTree\Node\Task\Move\Random\LockOn</Filter>
    </ClCompile>
    <ClCompile Include="Src\Application\Component\BehaviorTree\BlackBoard\Data\FinishedRandomMove\BTBlackBoardFinishedRandomMoveData.cpp">
      <Filter>Src\Application\Component\BehaviorTree\BlackBoard\Data\FinishedRandomMove</Filter>
    </ClCompile>
    <ClCompile Include="Src\Application\CommonCore\Interpolator\CommonCoreInterpolator.cpp">
      <Filter>Src\Application\CommonCore\Interpolator</Filter>
    </ClCompile>
    <ClCompile Include="Src\Application\Component\Render\Animatoin\Model\Clip\RenderAnimationModelClip.cpp">
      <Filter>Src\Application\Component\Render\Animation\Model\Clip</Filter>
    </ClCompile>
    <ClCompile Include="Src\Application\Component\Render\ShaderParam\AlphaDither\RenderShaderParamAlphaDither.cpp">
      <Filter>Src\Application\Component\Render\ShaderParam\AlphaDither</Filter>
    </ClCompile>
    <ClCompile Include="Src\Application\Factory\RenderShaderParam\RenderShaderParamFactory.cpp">
      <Filter>Src\Application\Factory\RenderShaderParam</Filter>
    </ClCompile>
    <ClCompile Include="Src\Application\Component\Render\Model\RenderModelComponentBase.cpp">
      <Filter>Src\Application\Component\Render\Model</Filter>
    </ClCompile>
  </ItemGroup>
  <ItemGroup>
    <None Include="Src\Framework\Shader\inc_KdCommon.hlsli">
      <Filter>Src\Framework\Shader</Filter>
    </None>
    <None Include="Src\Framework\Shader\SpriteShader\inc_KdSpriteShader.hlsli">
      <Filter>Src\Framework\Shader\SpriteShader</Filter>
    </None>
    <None Include="Src\Framework\Shader\PostProcessShader\inc_KdPostProcessShader.hlsli">
      <Filter>Src\Framework\Shader\PostProcessShader</Filter>
    </None>
    <None Include="Src\Framework\Shader\StandardShader\inc_KdStandardShader.hlsli">
      <Filter>Src\Framework\Shader\StandardShader</Filter>
    </None>
  </ItemGroup>
  <ItemGroup>
    <FxCompile Include="Src\Framework\Shader\SpriteShader\KdSpriteShader_PS.hlsl">
      <Filter>Src\Framework\Shader\SpriteShader</Filter>
    </FxCompile>
    <FxCompile Include="Src\Framework\Shader\SpriteShader\KdSpriteShader_VS.hlsl">
      <Filter>Src\Framework\Shader\SpriteShader</Filter>
    </FxCompile>
    <FxCompile Include="Src\Framework\Shader\PostProcessShader\KdPostProcessShader_PS_Blur.hlsl">
      <Filter>Src\Framework\Shader\PostProcessShader</Filter>
    </FxCompile>
    <FxCompile Include="Src\Framework\Shader\PostProcessShader\KdPostProcessShader_VS.hlsl">
      <Filter>Src\Framework\Shader\PostProcessShader</Filter>
    </FxCompile>
    <FxCompile Include="Src\Framework\Shader\PostProcessShader\KdPostProcessShader_PS_DoF.hlsl">
      <Filter>Src\Framework\Shader\PostProcessShader</Filter>
    </FxCompile>
    <FxCompile Include="Src\Framework\Shader\PostProcessShader\KdPostProcessShader_PS_Bright.hlsl">
      <Filter>Src\Framework\Shader\PostProcessShader</Filter>
    </FxCompile>
    <FxCompile Include="Src\Framework\Shader\StandardShader\KdStandardShader_PS_GenDepthMapFromLight.hlsl">
      <Filter>Src\Framework\Shader\StandardShader</Filter>
    </FxCompile>
    <FxCompile Include="Src\Framework\Shader\StandardShader\KdStandardShader_PS_Lit.hlsl">
      <Filter>Src\Framework\Shader\StandardShader</Filter>
    </FxCompile>
    <FxCompile Include="Src\Framework\Shader\StandardShader\KdStandardShader_PS_UnLit.hlsl">
      <Filter>Src\Framework\Shader\StandardShader</Filter>
    </FxCompile>
    <FxCompile Include="Src\Framework\Shader\StandardShader\KdStandardShader_VS_GenDepthMapFromLight.hlsl">
      <Filter>Src\Framework\Shader\StandardShader</Filter>
    </FxCompile>
    <FxCompile Include="Src\Framework\Shader\StandardShader\KdStandardShader_VS_Lit.hlsl">
      <Filter>Src\Framework\Shader\StandardShader</Filter>
    </FxCompile>
    <FxCompile Include="Src\Framework\Shader\StandardShader\KdStandardShader_VS_UnLit.hlsl">
      <Filter>Src\Framework\Shader\StandardShader</Filter>
    </FxCompile>
  </ItemGroup>
</Project>